
Microsoft Visual Studio Solution File, Format Version 12.00
# Visual Studio 15
VisualStudioVersion = 15.0.27703.2000
MinimumVisualStudioVersion = 10.0.40219.1
Project("{FAE04EC0-301F-11D3-BF4B-00C04F79EFBC}") = "AddTextToImageInBatch", "BatchModfiyImages\AddTextToImageInBatch.csproj", "{F7BC3934-ECB2-406E-9EB0-E4396929550B}"
EndProject
Global
	GlobalSection(SolutionConfigurationPlatforms) = preSolution
		Debug|Any CPU = Debug|Any CPU
		Release|Any CPU = Release|Any CPU
	EndGlobalSection
	GlobalSection(ProjectConfigurationPlatforms) = postSolution
		{F7BC3934-ECB2-406E-9EB0-E4396929550B}.Debug|Any CPU.ActiveCfg = Debug|Any CPU
		{F7BC3934-ECB2-406E-9EB0-E4396929550B}.Debug|Any CPU.Build.0 = Debug|Any CPU
		{F7BC3934-ECB2-406E-9EB0-E4396929550B}.Release|Any CPU.ActiveCfg = Release|Any CPU
		{F7BC3934-ECB2-406E-9EB0-E4396929550B}.Release|Any CPU.Build.0 = Release|Any CPU
	EndGlobalSection
	GlobalSection(SolutionProperties) = preSolution
		HideSolutionNode = FALSE
	EndGlobalSection
	GlobalSection(ExtensibilityGlobals) = postSolution
		SolutionGuid = {EAF340D7-87DA-452E-90DE-B82EA0FFF575}
	EndGlobalSection
EndGlobal
